
Microsoft Visual Studio Solution File, Format Version 12.00
# Visual Studio Version 16
VisualStudioVersion = 16.0.30114.105
MinimumVisualStudioVersion = 10.0.40219.1
Project("{FAE04EC0-301F-11D3-BF4B-00C04F79EFBC}") = "Trabalho", "Trabalho.csproj", "{56A2EA88-A4E5-4968-8BC8-BB7704541CB4}"
EndProject
Global
	GlobalSection(SolutionConfigurationPlatforms) = preSolution
		Debug|Any CPU = Debug|Any CPU
		Release|Any CPU = Release|Any CPU
	EndGlobalSection
	GlobalSection(ProjectConfigurationPlatforms) = postSolution
		{56A2EA88-A4E5-4968-8BC8-BB7704541CB4}.Debug|Any CPU.ActiveCfg = Debug|Any CPU
		{56A2EA88-A4E5-4968-8BC8-BB7704541CB4}.Debug|Any CPU.Build.0 = Debug|Any CPU
		{56A2EA88-A4E5-4968-8BC8-BB7704541CB4}.Release|Any CPU.ActiveCfg = Release|Any CPU
		{56A2EA88-A4E5-4968-8BC8-BB7704541CB4}.Release|Any CPU.Build.0 = Release|Any CPU
	EndGlobalSection
	GlobalSection(SolutionProperties) = preSolution
		HideSolutionNode = FALSE
	EndGlobalSection
	GlobalSection(ExtensibilityGlobals) = postSolution
		SolutionGuid = {4F11C08C-D3D0-4350-8FA8-219815030EB9}
	EndGlobalSection
EndGlobal
